
Microsoft Visual Studio Solution File, Format Version 12.00
# Visual Studio Version 16
VisualStudioVersion = 16.0.31005.135
MinimumVisualStudioVersion = 10.0.40219.1
Project("{FAE04EC0-301F-11D3-BF4B-00C04F79EFBC}") = "API", "API\API.csproj", "{1D38C4E9-049C-43D6-A187-668BBBE508C5}"
EndProject
Global
	GlobalSection(SolutionConfigurationPlatforms) = preSolution
		Debug|Any CPU = Debug|Any CPU
		Release|Any CPU = Release|Any CPU
	EndGlobalSection
	GlobalSection(ProjectConfigurationPlatforms) = postSolution
		{1D38C4E9-049C-43D6-A187-668BBBE508C5}.Debug|Any CPU.ActiveCfg = Debug|Any CPU
		{1D38C4E9-049C-43D6-A187-668BBBE508C5}.Debug|Any CPU.Build.0 = Debug|Any CPU
		{1D38C4E9-049C-43D6-A187-668BBBE508C5}.Release|Any CPU.ActiveCfg = Release|Any CPU
		{1D38C4E9-049C-43D6-A187-668BBBE508C5}.Release|Any CPU.Build.0 = Release|Any CPU
	EndGlobalSection
	GlobalSection(SolutionProperties) = preSolution
		HideSolutionNode = FALSE
	EndGlobalSection
	GlobalSection(ExtensibilityGlobals) = postSolution
		SolutionGuid = {54927C34-0C41-4BDA-9A85-70E2E9730D12}
	EndGlobalSection
EndGlobal
